#MicroXplorer Configuration settings - do not modify
CORTEX_M7.ART_ACCLERATOR_ENABLE=1
CORTEX_M7.CPU_DCache=Enabled
CORTEX_M7.CPU_ICache=Enabled
CORTEX_M7.FlashInterface=TCM_Enabled
CORTEX_M7.IPParameters=ART_ACCLERATOR_ENABLE,PREFETCH_ENABLE,CPU_DCache,CPU_ICache,FlashInterface
CORTEX_M7.PREFETCH_ENABLE=1
Dma.Request0=USART2_RX
Dma.Request1=USART3_RX
Dma.Request2=UART4_RX
Dma.RequestsNb=3
Dma.UART4_RX.2.Direction=DMA_PERIPH_TO_MEMORY
Dma.UART4_RX.2.FIFOMode=DMA_FIFOMODE_DISABLE
Dma.UART4_RX.2.Instance=DMA1_Stream2
Dma.UART4_RX.2.MemDataAlignment=DMA_MDATAALIGN_BYTE
Dma.UART4_RX.2.MemInc=DMA_MINC_ENABLE
Dma.UART4_RX.2.Mode=DMA_CIRCULAR
Dma.UART4_RX.2.PeriphDataAlignment=DMA_PDATAALIGN_BYTE
Dma.UART4_RX.2.PeriphInc=DMA_PINC_DISABLE
Dma.UART4_RX.2.Priority=DMA_PRIORITY_LOW
Dma.UART4_RX.2.RequestParameters=Instance,Direction,PeriphInc,MemInc,PeriphDataAlignment,MemDataAlignment,Mode,Priority,FIFOMode
Dma.USART2_RX.0.Direction=DMA_PERIPH_TO_MEMORY
Dma.USART2_RX.0.FIFOMode=DMA_FIFOMODE_DISABLE
Dma.USART2_RX.0.Instance=DMA1_Stream5
Dma.USART2_RX.0.MemDataAlignment=DMA_MDATAALIGN_BYTE
Dma.USART2_RX.0.MemInc=DMA_MINC_ENABLE
Dma.USART2_RX.0.Mode=DMA_CIRCULAR
Dma.USART2_RX.0.PeriphDataAlignment=DMA_PDATAALIGN_BYTE
Dma.USART2_RX.0.PeriphInc=DMA_PINC_DISABLE
Dma.USART2_RX.0.Priority=DMA_PRIORITY_LOW
Dma.USART2_RX.0.RequestParameters=Instance,Direction,PeriphInc,MemInc,PeriphDataAlignment,MemDataAlignment,Mode,Priority,FIFOMode
Dma.USART3_RX.1.Direction=DMA_PERIPH_TO_MEMORY
Dma.USART3_RX.1.FIFOMode=DMA_FIFOMODE_DISABLE
Dma.USART3_RX.1.Instance=DMA1_Stream1
Dma.USART3_RX.1.MemDataAlignment=DMA_MDATAALIGN_BYTE
Dma.USART3_RX.1.MemInc=DMA_MINC_ENABLE
Dma.USART3_RX.1.Mode=DMA_CIRCULAR
Dma.USART3_RX.1.PeriphDataAlignment=DMA_PDATAALIGN_BYTE
Dma.USART3_RX.1.PeriphInc=DMA_PINC_DISABLE
Dma.USART3_RX.1.Priority=DMA_PRIORITY_LOW
Dma.USART3_RX.1.RequestParameters=Instance,Direction,PeriphInc,MemInc,PeriphDataAlignment,MemDataAlignment,Mode,Priority,FIFOMode
File.Version=6
I2C1.I2C_Fall_Time=300
I2C1.I2C_Rise_Time=1000
I2C1.IPParameters=Timing,I2C_Rise_Time,I2C_Fall_Time
I2C1.Timing=0x40D32A31
I2C2.I2C_Fall_Time=300
I2C2.I2C_Rise_Time=1000
I2C2.IPParameters=Timing,I2C_Rise_Time,I2C_Fall_Time
I2C2.Timing=0x40D32A31
I2C3.I2C_Fall_Time=300
I2C3.I2C_Rise_Time=1000
I2C3.IPParameters=Timing,I2C_Rise_Time,I2C_Fall_Time
I2C3.Timing=0x40D32A31
IWDG.IPParameters=Prescaler
IWDG.Prescaler=IWDG_PRESCALER_32
KeepUserPlacement=true
Mcu.Family=STM32F7
Mcu.IP0=CORTEX_M7
Mcu.IP1=DMA
Mcu.IP10=TIM2
Mcu.IP11=TIM3
Mcu.IP12=TIM4
Mcu.IP13=TIM6
Mcu.IP14=UART4
Mcu.IP15=UART8
Mcu.IP16=USART1
Mcu.IP17=USART2
Mcu.IP18=USART3
Mcu.IP19=USART6
Mcu.IP2=I2C1
Mcu.IP3=I2C2
Mcu.IP4=I2C3
Mcu.IP5=IWDG
Mcu.IP6=NVIC
Mcu.IP7=RCC
Mcu.IP8=SYS
Mcu.IP9=TIM1
Mcu.IPNb=20
Mcu.Name=STM32F767ZITx
Mcu.Package=LQFP144
Mcu.Pin0=PE2
Mcu.Pin1=PE3
Mcu.Pin10=PF7
Mcu.Pin11=PF8
Mcu.Pin12=PF9
Mcu.Pin13=PF10
Mcu.Pin14=PH0/OSC_IN
Mcu.Pin15=PH1/OSC_OUT
Mcu.Pin16=PC0
Mcu.Pin17=PC1
Mcu.Pin18=PC2
Mcu.Pin19=PC3
Mcu.Pin2=PE4
Mcu.Pin20=PA0/WKUP
Mcu.Pin21=PA1
Mcu.Pin22=PA2
Mcu.Pin23=PA3
Mcu.Pin24=PA6
Mcu.Pin25=PA7
Mcu.Pin26=PB0
Mcu.Pin27=PE9
Mcu.Pin28=PE11
Mcu.Pin29=PE13
Mcu.Pin3=PE5
Mcu.Pin30=PE14
Mcu.Pin31=PE15
Mcu.Pin32=PB10
Mcu.Pin33=PB11
Mcu.Pin34=PB12
Mcu.Pin35=PB14
Mcu.Pin36=PB15
Mcu.Pin37=PD12
Mcu.Pin38=PD13
Mcu.Pin39=PD14
Mcu.Pin4=PE6
Mcu.Pin40=PD15
Mcu.Pin41=PC6
Mcu.Pin42=PC7
Mcu.Pin43=PC9
Mcu.Pin44=PA8
Mcu.Pin45=PA11
Mcu.Pin46=PA12
Mcu.Pin47=PA13
Mcu.Pin48=PA14
Mcu.Pin49=PG11
Mcu.Pin5=PC13
Mcu.Pin50=PG13
Mcu.Pin51=PG15
Mcu.Pin52=PB4
Mcu.Pin53=PB6
Mcu.Pin54=PB7
Mcu.Pin55=PB9
Mcu.Pin56=PE0
Mcu.Pin57=PE1
Mcu.Pin58=VP_IWDG_VS_IWDG
Mcu.Pin59=VP_SYS_VS_Systick
Mcu.Pin6=PC14/OSC32_IN
Mcu.Pin60=VP_TIM6_VS_ClockSourceINT
Mcu.Pin7=PC15/OSC32_OUT
Mcu.Pin8=PF0
Mcu.Pin9=PF1
Mcu.PinsNb=61
Mcu.UserConstants=
Mcu.UserName=STM32F767ZITx
MxCube.Version=4.23.0
MxDb.Version=DB.4.0.230
NVIC.BusFault_IRQn=true\:0\:0\:false\:false\:true\:false
NVIC.DMA1_Stream1_IRQn=true\:4\:0\:true\:false\:true\:false
NVIC.DMA1_Stream2_IRQn=true\:3\:0\:true\:false\:true\:false
NVIC.DMA1_Stream5_IRQn=true\:2\:0\:true\:false\:true\:false
NVIC.DebugMonitor_IRQn=true\:0\:0\:false\:false\:true\:false
NVIC.HardFault_IRQn=true\:0\:0\:false\:false\:true\:false
NVIC.MemoryManagement_IRQn=true\:0\:0\:false\:false\:true\:false
NVIC.NonMaskableInt_IRQn=true\:0\:0\:false\:false\:true\:false
NVIC.PendSV_IRQn=true\:0\:0\:false\:false\:true\:false
NVIC.PriorityGroup=NVIC_PRIORITYGROUP_4
NVIC.SVCall_IRQn=true\:0\:0\:false\:false\:true\:false
NVIC.SysTick_IRQn=true\:0\:0\:false\:false\:true\:false
NVIC.TIM6_DAC_IRQn=true\:5\:0\:true\:false\:true\:true
NVIC.UsageFault_IRQn=true\:0\:0\:false\:false\:true\:false
PA0/WKUP.Signal=S_TIM2_CH1_ETR
PA1.Signal=S_TIM2_CH2
PA11.Mode=Asynchronous
PA11.Signal=UART4_RX
PA12.Mode=Asynchronous
PA12.Signal=UART4_TX
PA13.Mode=Serial_Wire
PA13.Signal=SYS_JTMS-SWDIO
PA14.Mode=Serial_Wire
PA14.Signal=SYS_JTCK-SWCLK
PA2.Mode=Asynchronous
PA2.Signal=USART2_TX
PA3.Mode=Asynchronous
PA3.Signal=USART2_RX
PA6.Signal=S_TIM3_CH1
PA7.Signal=S_TIM3_CH2
PA8.Mode=I2C
PA8.Signal=I2C3_SCL
PB0.Locked=true
PB0.Signal=GPIO_Output
PB10.Mode=Asynchronous
PB10.Signal=USART3_TX
PB11.Mode=Asynchronous
PB11.Signal=USART3_RX
PB12.Locked=true
PB12.Signal=GPIO_Input
PB14.Mode=Asynchronous
PB14.Signal=USART1_TX
PB15.Mode=Asynchronous
PB15.Signal=USART1_RX
PB4.Locked=true
PB4.Signal=GPIO_Output
PB6.Mode=I2C
PB6.Signal=I2C1_SCL
PB7.Mode=I2C
PB7.Signal=I2C1_SDA
PB9.Locked=true
PB9.Signal=GPIO_Output
PC0.Locked=true
PC0.Signal=GPIO_Output
PC1.Locked=true
PC1.Signal=GPIO_Output
PC13.Locked=true
PC13.Signal=GPIO_Input
PC14/OSC32_IN.Locked=true
PC14/OSC32_IN.Signal=GPIO_Input
PC15/OSC32_OUT.Locked=true
PC15/OSC32_OUT.Signal=GPIO_Output
PC2.Locked=true
PC2.Signal=GPIO_Output
PC3.Locked=true
PC3.Signal=GPIO_Output
PC6.Mode=Asynchronous
PC6.Signal=USART6_TX
PC7.Mode=Asynchronous
PC7.Signal=USART6_RX
PC9.Mode=I2C
PC9.Signal=I2C3_SDA
PCC.Checker=false
PCC.Line=STM32F7x7
PCC.MCU=STM32F767ZITx
PCC.PartNumber=STM32F767ZITx
PCC.Seq0=1
PCC.Seq0.Step0.Average_Current=18 mA
PCC.Seq0.Step0.CPU_Frequency=216 MHz
PCC.Seq0.Step0.Category=In DS Table
PCC.Seq0.Step0.DMIPS=462.24002
PCC.Seq0.Step0.Duration=1 ms
PCC.Seq0.Step0.Frequency=4 MHz
PCC.Seq0.Step0.Memory=RAM/FLASH REGON
PCC.Seq0.Step0.Mode=SLEEP
PCC.Seq0.Step0.Oscillator=HSE PLL
PCC.Seq0.Step0.Peripherals=
PCC.Seq0.Step0.TaMax=102.62
PCC.Seq0.Step0.User's_Consumption=0 mA
PCC.Seq0.Step0.Vcore=Scale1-High
PCC.Seq0.Step0.Vdd=3.3
PCC.Seq0.Step0.Voltage_Source=Vbus
PCC.Series=STM32F7
PCC.Temperature=25
PCC.Vdd=3.3
PD12.Signal=S_TIM4_CH1
PD13.Signal=S_TIM4_CH2
PD14.Signal=S_TIM4_CH3
PD15.Locked=true
PD15.Signal=GPIO_Input
PE0.Mode=Asynchronous
PE0.Signal=UART8_RX
PE1.Mode=Asynchronous
PE1.Signal=UART8_TX
PE11.Signal=S_TIM1_CH2
PE13.Signal=S_TIM1_CH3
PE14.Signal=S_TIM1_CH4
PE15.Locked=true
PE15.Signal=GPIO_Output
PE2.Locked=true
PE2.Signal=GPIO_Input
PE3.Locked=true
PE3.Signal=GPIO_Input
PE4.Locked=true
PE4.Signal=GPIO_Input
PE5.Locked=true
PE5.Signal=GPIO_Input
PE6.Locked=true
PE6.Signal=GPIO_Input
PE9.Signal=S_TIM1_CH1
PF0.Mode=I2C
PF0.Signal=I2C2_SDA
PF1.Mode=I2C
PF1.Signal=I2C2_SCL
PF10.Locked=true
PF10.Signal=GPIO_Output
PF7.Locked=true
PF7.Signal=GPIO_Output
PF8.Locked=true
PF8.Signal=GPIO_Output
PF9.Locked=true
PF9.Signal=GPIO_Output
PG11.Locked=true
PG11.Signal=GPIO_Output
PG13.Locked=true
PG13.Signal=GPIO_Output
PG15.Locked=true
PG15.Signal=GPIO_Output
PH0/OSC_IN.Mode=HSE-External-Oscillator
PH0/OSC_IN.Signal=RCC_OSC_IN
PH1/OSC_OUT.Mode=HSE-External-Oscillator
PH1/OSC_OUT.Signal=RCC_OSC_OUT
PinOutPanel.RotationAngle=0
ProjectManager.AskForMigrate=true
ProjectManager.BackupPrevious=false
ProjectManager.CompilerOptimize=2
ProjectManager.ComputerToolchain=false
ProjectManager.CoupleFile=true
ProjectManager.CustomerFirmwarePackage=C\:/Users/ryouma/STM32Cube/Repository/STM32Cube_FW_F7_V1.8.0
ProjectManager.DefaultFWLocation=true
ProjectManager.DeletePrevious=true
ProjectManager.DeviceId=STM32F767ZITx
ProjectManager.FirmwarePackage=STM32Cube FW_F7 V1.8.0
ProjectManager.FreePins=false
ProjectManager.HalAssertFull=false
ProjectManager.HeapSize=0x400
ProjectManager.KeepUserCode=true
ProjectManager.LastFirmware=true
ProjectManager.LibraryCopy=1
ProjectManager.PreviousToolchain=TrueSTUDIO
ProjectManager.ProjectBuild=false
ProjectManager.ProjectFileName=F767_main.ioc
ProjectManager.ProjectName=F767_main
ProjectManager.StackSize=0x800
ProjectManager.TargetToolchain=TrueSTUDIO
ProjectManager.ToolChainLocation=
ProjectManager.UnderRoot=true
ProjectManager.functionlistsort=1-MX_GPIO_Init-GPIO-false-HAL,2-MX_DMA_Init-DMA-false-HAL,3-SystemClock_Config-RCC-false-HAL,4-MX_CORTEX_M7_Init-CORTEX_M7-false-HAL,5-MX_USART1_UART_Init-USART1-false-HAL,6-MX_USART2_UART_Init-USART2-false-HAL,7-MX_USART3_UART_Init-USART3-false-HAL,8-MX_I2C1_Init-I2C1-false-HAL,9-MX_I2C2_Init-I2C2-false-HAL,10-MX_IWDG_Init-IWDG-false-HAL,11-MX_USART6_UART_Init-USART6-false-HAL,12-MX_I2C3_Init-I2C3-false-HAL,13-MX_TIM6_Init-TIM6-false-HAL,14-MX_TIM2_Init-TIM2-false-HAL,15-MX_TIM3_Init-TIM3-false-HAL,16-MX_TIM1_Init-TIM1-false-HAL,17-MX_UART8_Init-UART8-false-HAL,18-MX_TIM4_Init-TIM4-false-HAL,19-MX_UART4_Init-UART4-false-HAL
RCC.AHBFreq_Value=216000000
RCC.APB1CLKDivider=RCC_HCLK_DIV4
RCC.APB1Freq_Value=54000000
RCC.APB1TimFreq_Value=108000000
RCC.APB2CLKDivider=RCC_HCLK_DIV2
RCC.APB2Freq_Value=108000000
RCC.APB2TimFreq_Value=216000000
RCC.CECFreq_Value=32786.88524590164
RCC.CortexFreq_Value=216000000
RCC.DFSDMAudioFreq_Value=192000000
RCC.DFSDMFreq_Value=108000000
RCC.EthernetFreq_Value=216000000
RCC.FCLKCortexFreq_Value=216000000
RCC.FamilyName=M
RCC.HCLKFreq_Value=216000000
RCC.HSE_VALUE=8000000
RCC.HSI_VALUE=16000000
RCC.I2C1Freq_Value=54000000
RCC.I2C2Freq_Value=54000000
RCC.I2C3Freq_Value=54000000
RCC.I2C4Freq_Value=54000000
RCC.I2SFreq_Value=192000000
RCC.IPParameters=AHBFreq_Value,APB1CLKDivider,APB1Freq_Value,APB1TimFreq_Value,APB2CLKDivider,APB2Freq_Value,APB2TimFreq_Value,CECFreq_Value,CortexFreq_Value,DFSDMAudioFreq_Value,DFSDMFreq_Value,EthernetFreq_Value,FCLKCortexFreq_Value,FamilyName,HCLKFreq_Value,HSE_VALUE,HSI_VALUE,I2C1Freq_Value,I2C2Freq_Value,I2C3Freq_Value,I2C4Freq_Value,I2SFreq_Value,LCDTFTFreq_Value,LPTIM1Freq_Value,LSE_VALUE,LSI_VALUE,MCO2PinFreq_Value,PLLCLKFreq_Value,PLLI2SPCLKFreq_Value,PLLI2SQCLKFreq_Value,PLLI2SRCLKFreq_Value,PLLI2SRoutputFreq_Value,PLLM,PLLN,PLLQCLKFreq_Value,PLLQoutputFreq_Value,PLLRFreq_Value,PLLSAIPCLKFreq_Value,PLLSAIQCLKFreq_Value,PLLSAIRCLKFreq_Value,PLLSAIoutputFreq_Value,PLLSourceVirtual,RNGFreq_Value,SAI1Freq_Value,SAI2Freq_Value,SDMMC2Freq_Value,SDMMCFreq_Value,SPDIFRXFreq_Value,SYSCLKFreq_VALUE,SYSCLKSource,UART4Freq_Value,UART5Freq_Value,UART7Freq_Value,UART8Freq_Value,USART1Freq_Value,USART2Freq_Value,USART3Freq_Value,USART6Freq_Value,USBFreq_Value,VCOI2SOutputFreq_Value,VCOInputFreq_Value,VCOOutputFreq_Value,VCOSAIOutputFreq_Value
RCC.LCDTFTFreq_Value=96000000
RCC.LPTIM1Freq_Value=54000000
RCC.LSE_VALUE=32768
RCC.LSI_VALUE=32000
RCC.MCO2PinFreq_Value=216000000
RCC.PLLCLKFreq_Value=216000000
RCC.PLLI2SPCLKFreq_Value=192000000
RCC.PLLI2SQCLKFreq_Value=192000000
RCC.PLLI2SRCLKFreq_Value=192000000
RCC.PLLI2SRoutputFreq_Value=192000000
RCC.PLLM=4
RCC.PLLN=216
RCC.PLLQCLKFreq_Value=216000000
RCC.PLLQoutputFreq_Value=216000000
RCC.PLLRFreq_Value=216000000
RCC.PLLSAIPCLKFreq_Value=192000000
RCC.PLLSAIQCLKFreq_Value=192000000
RCC.PLLSAIRCLKFreq_Value=192000000
RCC.PLLSAIoutputFreq_Value=192000000
RCC.PLLSourceVirtual=RCC_PLLSOURCE_HSE
RCC.RNGFreq_Value=216000000
RCC.SAI1Freq_Value=192000000
RCC.SAI2Freq_Value=192000000
RCC.SDMMC2Freq_Value=216000000
RCC.SDMMCFreq_Value=216000000
RCC.SPDIFRXFreq_Value=192000000
RCC.SYSCLKFreq_VALUE=216000000
RCC.SYSCLKSource=RCC_SYSCLKSOURCE_PLLCLK
RCC.UART4Freq_Value=54000000
RCC.UART5Freq_Value=54000000
RCC.UART7Freq_Value=54000000
RCC.UART8Freq_Value=54000000
RCC.USART1Freq_Value=108000000
RCC.USART2Freq_Value=54000000
RCC.USART3Freq_Value=54000000
RCC.USART6Freq_Value=108000000
RCC.USBFreq_Value=216000000
RCC.VCOI2SOutputFreq_Value=384000000
RCC.VCOInputFreq_Value=2000000
RCC.VCOOutputFreq_Value=432000000
RCC.VCOSAIOutputFreq_Value=384000000
SH.S_TIM1_CH1.0=TIM1_CH1,PWM Generation1 CH1
SH.S_TIM1_CH1.ConfNb=1
SH.S_TIM1_CH2.0=TIM1_CH2,PWM Generation2 CH2
SH.S_TIM1_CH2.ConfNb=1
SH.S_TIM1_CH3.0=TIM1_CH3,PWM Generation3 CH3
SH.S_TIM1_CH3.ConfNb=1
SH.S_TIM1_CH4.0=TIM1_CH4,Output Compare4 CH4
SH.S_TIM1_CH4.ConfNb=1
SH.S_TIM2_CH1_ETR.0=TIM2_CH1,Encoder_Interface
SH.S_TIM2_CH1_ETR.ConfNb=1
SH.S_TIM2_CH2.0=TIM2_CH2,Encoder_Interface
SH.S_TIM2_CH2.ConfNb=1
SH.S_TIM3_CH1.0=TIM3_CH1,Encoder_Interface
SH.S_TIM3_CH1.ConfNb=1
SH.S_TIM3_CH2.0=TIM3_CH2,Encoder_Interface
SH.S_TIM3_CH2.ConfNb=1
SH.S_TIM4_CH1.0=TIM4_CH1,PWM Generation1 CH1
SH.S_TIM4_CH1.ConfNb=1
SH.S_TIM4_CH2.0=TIM4_CH2,PWM Generation2 CH2
SH.S_TIM4_CH2.ConfNb=1
SH.S_TIM4_CH3.0=TIM4_CH3,PWM Generation3 CH3
SH.S_TIM4_CH3.ConfNb=1
TIM1.Channel-Output\ Compare4\ CH4=TIM_CHANNEL_4
TIM1.Channel-PWM\ Generation1\ CH1=TIM_CHANNEL_1
TIM1.Channel-PWM\ Generation2\ CH2=TIM_CHANNEL_2
TIM1.Channel-PWM\ Generation3\ CH3=TIM_CHANNEL_3
TIM1.IPParameters=Channel-PWM Generation1 CH1,Channel-PWM Generation2 CH2,Channel-PWM Generation3 CH3,Channel-Output Compare4 CH4,Prescaler,Period
TIM1.Period=999
TIM1.Prescaler=21
TIM2.IPParameters=Period
TIM2.Period=60000
TIM3.IC1Filter=2
TIM3.IC2Filter=2
TIM3.IPParameters=Period,Prescaler,IC2Filter,IC1Filter
TIM3.Period=7
TIM3.Prescaler=1
TIM4.Channel-PWM\ Generation1\ CH1=TIM_CHANNEL_1
TIM4.Channel-PWM\ Generation2\ CH2=TIM_CHANNEL_2
TIM4.Channel-PWM\ Generation3\ CH3=TIM_CHANNEL_3
TIM4.IPParameters=Channel-PWM Generation1 CH1,Channel-PWM Generation2 CH2,Channel-PWM Generation3 CH3,Prescaler,Period
TIM4.Period=999
TIM4.Prescaler=108
TIM6.IPParameters=Prescaler,Period
TIM6.Period=215
TIM6.Prescaler=10
UART4.IPParameters=WordLength
UART4.WordLength=WORDLENGTH_8B
UART8.BaudRate=9600
UART8.IPParameters=BaudRate,WordLength
UART8.WordLength=WORDLENGTH_8B
USART1.IPParameters=VirtualMode-Asynchronous,WordLength
USART1.VirtualMode-Asynchronous=VM_ASYNC
USART1.WordLength=WORDLENGTH_8B
USART2.IPParameters=VirtualMode-Asynchronous,WordLength
USART2.VirtualMode-Asynchronous=VM_ASYNC
USART2.WordLength=WORDLENGTH_8B
USART3.IPParameters=VirtualMode-Asynchronous,WordLength
USART3.VirtualMode-Asynchronous=VM_ASYNC
USART3.WordLength=WORDLENGTH_8B
USART6.BaudRate=9600
USART6.IPParameters=VirtualMode-Asynchronous,BaudRate,WordLength
USART6.VirtualMode-Asynchronous=VM_ASYNC
USART6.WordLength=WORDLENGTH_8B
VP_IWDG_VS_IWDG.Mode=IWDG_Activate
VP_IWDG_VS_IWDG.Signal=IWDG_VS_IWDG
VP_SYS_VS_Systick.Mode=SysTick
VP_SYS_VS_Systick.Signal=SYS_VS_Systick
VP_TIM6_VS_ClockSourceINT.Mode=Enable_Timer
VP_TIM6_VS_ClockSourceINT.Signal=TIM6_VS_ClockSourceINT
board=F767_main
